
Microsoft Visual Studio Solution File, Format Version 12.00
# Visual Studio Version 17
VisualStudioVersion = 17.14.36429.23
MinimumVisualStudioVersion = 10.0.40219.1
Project("{FAE04EC0-301F-11D3-BF4B-00C04F79EFBC}") = "SIMSS", "SIMSS.csproj", "{DE465A41-C786-4328-833C-5A0FBEDAFCD1}"
EndProject
Project("{FAE04EC0-301F-11D3-BF4B-00C04F79EFBC}") = "SIMS.UnitTest", "..\SIMS.UnitTest\SIMS.UnitTest.csproj", "{D4D67C9F-CDDF-400C-8412-8685AB27C91B}"
EndProject
Global
	GlobalSection(SolutionConfigurationPlatforms) = preSolution
		Debug|Any CPU = Debug|Any CPU
		Release|Any CPU = Release|Any CPU
	EndGlobalSection
	GlobalSection(ProjectConfigurationPlatforms) = postSolution
		{DE465A41-C786-4328-833C-5A0FBEDAFCD1}.Debug|Any CPU.ActiveCfg = Debug|Any CPU
		{DE465A41-C786-4328-833C-5A0FBEDAFCD1}.Debug|Any CPU.Build.0 = Debug|Any CPU
		{DE465A41-C786-4328-833C-5A0FBEDAFCD1}.Release|Any CPU.ActiveCfg = Release|Any CPU
		{DE465A41-C786-4328-833C-5A0FBEDAFCD1}.Release|Any CPU.Build.0 = Release|Any CPU
		{D4D67C9F-CDDF-400C-8412-8685AB27C91B}.Debug|Any CPU.ActiveCfg = Debug|Any CPU
		{D4D67C9F-CDDF-400C-8412-8685AB27C91B}.Debug|Any CPU.Build.0 = Debug|Any CPU
		{D4D67C9F-CDDF-400C-8412-8685AB27C91B}.Release|Any CPU.ActiveCfg = Release|Any CPU
		{D4D67C9F-CDDF-400C-8412-8685AB27C91B}.Release|Any CPU.Build.0 = Release|Any CPU
	EndGlobalSection
	GlobalSection(SolutionProperties) = preSolution
		HideSolutionNode = FALSE
	EndGlobalSection
	GlobalSection(ExtensibilityGlobals) = postSolution
		SolutionGuid = {060E371F-9404-41F9-A862-72A20C2C1339}
	EndGlobalSection
EndGlobal
